
Microsoft Visual Studio Solution File, Format Version 12.00
# Visual Studio Version 16
VisualStudioVersion = 16.0.31515.178
MinimumVisualStudioVersion = 10.0.40219.1
Project("{9A19103F-16F7-4668-BE54-9A1E7A4F7556}") = "RedeSocialAPI", "RedeSocialAPI\RedeSocialAPI.csproj", "{70D03BE9-3D14-4B91-9C74-6164E47767FA}"
EndProject
Project("{FAE04EC0-301F-11D3-BF4B-00C04F79EFBC}") = "DTO", "DTO\DTO.csproj", "{ED70FA3F-D699-4759-950D-5F52170F0B0B}"
EndProject
Project("{FAE04EC0-301F-11D3-BF4B-00C04F79EFBC}") = "CLI", "CLI\CLI.csproj", "{594D4E73-DAF6-4335-8705-54F570E7EE04}"
EndProject
Project("{FAE04EC0-301F-11D3-BF4B-00C04F79EFBC}") = "BLL", "BLL\BLL.csproj", "{7E8AE097-3EC5-48B6-8CB1-E8DB8E6920D9}"
EndProject
Project("{FAE04EC0-301F-11D3-BF4B-00C04F79EFBC}") = "DAL", "DAL\DAL.csproj", "{7C8AC73F-E251-485D-8BDE-D308FBA14E75}"
EndProject
Global
	GlobalSection(SolutionConfigurationPlatforms) = preSolution
		Debug|Any CPU = Debug|Any CPU
		Release|Any CPU = Release|Any CPU
	EndGlobalSection
	GlobalSection(ProjectConfigurationPlatforms) = postSolution
		{70D03BE9-3D14-4B91-9C74-6164E47767FA}.Debug|Any CPU.ActiveCfg = Debug|Any CPU
		{70D03BE9-3D14-4B91-9C74-6164E47767FA}.Debug|Any CPU.Build.0 = Debug|Any CPU
		{70D03BE9-3D14-4B91-9C74-6164E47767FA}.Release|Any CPU.ActiveCfg = Release|Any CPU
		{70D03BE9-3D14-4B91-9C74-6164E47767FA}.Release|Any CPU.Build.0 = Release|Any CPU
		{ED70FA3F-D699-4759-950D-5F52170F0B0B}.Debug|Any CPU.ActiveCfg = Debug|Any CPU
		{ED70FA3F-D699-4759-950D-5F52170F0B0B}.Debug|Any CPU.Build.0 = Debug|Any CPU
		{ED70FA3F-D699-4759-950D-5F52170F0B0B}.Release|Any CPU.ActiveCfg = Release|Any CPU
		{ED70FA3F-D699-4759-950D-5F52170F0B0B}.Release|Any CPU.Build.0 = Release|Any CPU
		{594D4E73-DAF6-4335-8705-54F570E7EE04}.Debug|Any CPU.ActiveCfg = Debug|Any CPU
		{594D4E73-DAF6-4335-8705-54F570E7EE04}.Debug|Any CPU.Build.0 = Debug|Any CPU
		{594D4E73-DAF6-4335-8705-54F570E7EE04}.Release|Any CPU.ActiveCfg = Release|Any CPU
		{594D4E73-DAF6-4335-8705-54F570E7EE04}.Release|Any CPU.Build.0 = Release|Any CPU
		{7E8AE097-3EC5-48B6-8CB1-E8DB8E6920D9}.Debug|Any CPU.ActiveCfg = Debug|Any CPU
		{7E8AE097-3EC5-48B6-8CB1-E8DB8E6920D9}.Debug|Any CPU.Build.0 = Debug|Any CPU
		{7E8AE097-3EC5-48B6-8CB1-E8DB8E6920D9}.Release|Any CPU.ActiveCfg = Release|Any CPU
		{7E8AE097-3EC5-48B6-8CB1-E8DB8E6920D9}.Release|Any CPU.Build.0 = Release|Any CPU
		{7C8AC73F-E251-485D-8BDE-D308FBA14E75}.Debug|Any CPU.ActiveCfg = Debug|Any CPU
		{7C8AC73F-E251-485D-8BDE-D308FBA14E75}.Debug|Any CPU.Build.0 = Debug|Any CPU
		{7C8AC73F-E251-485D-8BDE-D308FBA14E75}.Release|Any CPU.ActiveCfg = Release|Any CPU
		{7C8AC73F-E251-485D-8BDE-D308FBA14E75}.Release|Any CPU.Build.0 = Release|Any CPU
	EndGlobalSection
	GlobalSection(SolutionProperties) = preSolution
		HideSolutionNode = FALSE
	EndGlobalSection
	GlobalSection(ExtensibilityGlobals) = postSolution
		SolutionGuid = {2E5F6576-81C2-4A43-9FBD-DC39A2EB3E23}
	EndGlobalSection
EndGlobal
