
Microsoft Visual Studio Solution File, Format Version 12.00
# Visual Studio Version 16
VisualStudioVersion = 16.0.31515.178
MinimumVisualStudioVersion = 10.0.40219.1
Project("{9A19103F-16F7-4668-BE54-9A1E7A4F7556}") = "LivrariaAPI", "LivrariaAPI\LivrariaAPI.csproj", "{7392628A-CE85-4CC6-9F2F-C5F762F9542F}"
EndProject
Project("{9A19103F-16F7-4668-BE54-9A1E7A4F7556}") = "LivrariaCore", "LivrariaCore\LivrariaCore.csproj", "{56810163-800F-49B5-8B9E-67F68A893560}"
EndProject
Project("{FAE04EC0-301F-11D3-BF4B-00C04F79EFBC}") = "LivrariaInfrastructure", "LivrariaInfrastructure\LivrariaInfrastructure.csproj", "{9334889F-8C09-45D8-8DF9-E836A71AFE8D}"
EndProject
Global
	GlobalSection(SolutionConfigurationPlatforms) = preSolution
		Debug|Any CPU = Debug|Any CPU
		Release|Any CPU = Release|Any CPU
	EndGlobalSection
	GlobalSection(ProjectConfigurationPlatforms) = postSolution
		{7392628A-CE85-4CC6-9F2F-C5F762F9542F}.Debug|Any CPU.ActiveCfg = Debug|Any CPU
		{7392628A-CE85-4CC6-9F2F-C5F762F9542F}.Debug|Any CPU.Build.0 = Debug|Any CPU
		{7392628A-CE85-4CC6-9F2F-C5F762F9542F}.Release|Any CPU.ActiveCfg = Release|Any CPU
		{7392628A-CE85-4CC6-9F2F-C5F762F9542F}.Release|Any CPU.Build.0 = Release|Any CPU
		{56810163-800F-49B5-8B9E-67F68A893560}.Debug|Any CPU.ActiveCfg = Debug|Any CPU
		{56810163-800F-49B5-8B9E-67F68A893560}.Debug|Any CPU.Build.0 = Debug|Any CPU
		{56810163-800F-49B5-8B9E-67F68A893560}.Release|Any CPU.ActiveCfg = Release|Any CPU
		{56810163-800F-49B5-8B9E-67F68A893560}.Release|Any CPU.Build.0 = Release|Any CPU
		{9334889F-8C09-45D8-8DF9-E836A71AFE8D}.Debug|Any CPU.ActiveCfg = Debug|Any CPU
		{9334889F-8C09-45D8-8DF9-E836A71AFE8D}.Debug|Any CPU.Build.0 = Debug|Any CPU
		{9334889F-8C09-45D8-8DF9-E836A71AFE8D}.Release|Any CPU.ActiveCfg = Release|Any CPU
		{9334889F-8C09-45D8-8DF9-E836A71AFE8D}.Release|Any CPU.Build.0 = Release|Any CPU
	EndGlobalSection
	GlobalSection(SolutionProperties) = preSolution
		HideSolutionNode = FALSE
	EndGlobalSection
	GlobalSection(ExtensibilityGlobals) = postSolution
		SolutionGuid = {FDD5279A-C297-4886-8998-032F89241BEF}
	EndGlobalSection
EndGlobal
